
Microsoft Visual Studio Solution File, Format Version 12.00
# Visual Studio Version 17
VisualStudioVersion = 17.4.33205.214
MinimumVisualStudioVersion = 10.0.40219.1
Project("{8BC9CEB8-8B4A-11D0-8D11-00A0C91BC942}") = "ОАИП 2 СЕМ", "ОАИП 2 СЕМ\ОАИП 2 СЕМ.vcxproj", "{D78B286B-573E-4A45-991C-615EB092DF10}"
EndProject
Global
	GlobalSection(SolutionConfigurationPlatforms) = preSolution
		Debug|x64 = Debug|x64
		Debug|x86 = Debug|x86
		Release|x64 = Release|x64
		Release|x86 = Release|x86
	EndGlobalSection
	GlobalSection(ProjectConfigurationPlatforms) = postSolution
		{D78B286B-573E-4A45-991C-615EB092DF10}.Debug|x64.ActiveCfg = Debug|x64
		{D78B286B-573E-4A45-991C-615EB092DF10}.Debug|x64.Build.0 = Debug|x64
		{D78B286B-573E-4A45-991C-615EB092DF10}.Debug|x86.ActiveCfg = Debug|Win32
		{D78B286B-573E-4A45-991C-615EB092DF10}.Debug|x86.Build.0 = Debug|Win32
		{D78B286B-573E-4A45-991C-615EB092DF10}.Release|x64.ActiveCfg = Release|x64
		{D78B286B-573E-4A45-991C-615EB092DF10}.Release|x64.Build.0 = Release|x64
		{D78B286B-573E-4A45-991C-615EB092DF10}.Release|x86.ActiveCfg = Release|Win32
		{D78B286B-573E-4A45-991C-615EB092DF10}.Release|x86.Build.0 = Release|Win32
	EndGlobalSection
	GlobalSection(SolutionProperties) = preSolution
		HideSolutionNode = FALSE
	EndGlobalSection
	GlobalSection(ExtensibilityGlobals) = postSolution
		SolutionGuid = {F55E4AD6-736D-42CE-A6C5-FAFC1D411B5B}
	EndGlobalSection
EndGlobal
